memo = "3fca8148a37ecc2869ef97f178d9835dfa168b8480674470fcc4cd3cce121ba2"

[[projects]]
  name = "github.com/acm-uiuc/arbor"
  packages = [".","proxy","security","server","services"]
  revision = "814a6167d49819d3e25c331ee1f4c52b07a041b7"
  version = "v0.2.3-rc"

[[projects]]
  name = "github.com/boltdb/bolt"
  packages = ["."]
  revision = "2f1ce7a837dcb8da3ec595b1dac9d0632f0f99e8"
  version = "v1.3.1"

[[projects]]
  name = "github.com/gorilla/context"
  packages = ["."]
  revision = "1ea25387ff6f684839d82767c1733ff4d4d15d0a"
  version = "v1.1"

[[projects]]
  branch = "master"
  name = "github.com/gorilla/mux"
  packages = ["."]
  revision = "24fca303ac6da784b9e8269f724ddeb0b2eea5e7"

[[projects]]
  branch = "master"
  name = "github.com/kennygrant/sanitize"
  packages = ["."]
  revision = "b38f6c674c896b4e27dcd769332a50700450dec9"

[[projects]]
  branch = "master"
  name = "golang.org/x/net"
  packages = ["html","html/atom"]
  revision = "66aacef3dd8a676686c7ae3716979581e8b03c47"

[[projects]]
  branch = "master"
  name = "golang.org/x/sys"
  packages = ["unix"]
  revision = "9aade4d3a3b7e6d876cd3823ad20ec45fc035402"
