# This file is autogenerated, do not edit; changes may be undone by the next 'dep ensure'.


[[projects]]
  name = "github.com/acm-uiuc/arbor"
  packages = [".","logger","proxy","security","server","services"]
  revision = "f727ba3a5160e495a81cb81497ac1292b7e34552"
  version = "v0.2.4"

[[projects]]
  branch = "master"
  name = "github.com/golang/snappy"
  packages = ["."]
  revision = "553a641470496b2327abcac10b36396bd98e45c9"

[[projects]]
  name = "github.com/gorilla/context"
  packages = ["."]
  revision = "1ea25387ff6f684839d82767c1733ff4d4d15d0a"
  version = "v1.1"

[[projects]]
  branch = "master"
  name = "github.com/gorilla/mux"
  packages = ["."]
  revision = "599cba5e7b6137d46ddf58fb1765f5d928e69604"

[[projects]]
  name = "github.com/kennygrant/sanitize"
  packages = ["."]
  revision = "2e6820834a1f36c626bf19a253b7d3cc060e9b8b"
  version = "v1.2.3"

[[projects]]
  branch = "master"
  name = "github.com/syndtr/goleveldb"
  packages = ["leveldb","leveldb/cache","leveldb/comparer","leveldb/errors","leveldb/filter","leveldb/iterator","leveldb/journal","leveldb/memdb","leveldb/opt","leveldb/storage","leveldb/table","leveldb/util"]
  revision = "adf24ef3f94bd13ec4163060b21a5678f22b429b"

[[projects]]
  branch = "master"
  name = "golang.org/x/net"
  packages = ["html","html/atom"]
  revision = "da118f7b8e5954f39d0d2130ab35d4bf0e3cb344"

[solve-meta]
  analyzer-name = "dep"
  analyzer-version = 1
  inputs-digest = "7abf4ba1a608b4324f95e1f7402774fe9547baf991a91afee500534ec22c8511"
  solver-name = "gps-cdcl"
  solver-version = 1
